selector:
  selectableBlocks:
    placeholder: Blocks from other layouts
  tooltip:
    clone:
      ref: Clone with references
      noRef: Clone without references
automation:
  addPlaceholderLabel: Добавить placeholder (dummy button)
  availableScriptsAndWorkflow: Available scripts and workflows ({{count}})
  badge:
    script: script
    workflow: workflow
  buttonLabel: Метка
  buttonVariant: Variant
  configuredButtons: Configured buttons
  dummyButtonLabel: Пример Workflow
  editButton: Изменить
  editTitle:
    script: Изменить automation script button
    workflow: Изменить workflow button
  label: Автоматизация
  noDescription: No description
  noLabel: Unlabeled
  noScript: There is no script or workflow configured for this button
  noScripts: There are no manual scripts compatible with this page block
  removeAll: Remove all
  searchPlaceholder: Filter available scripts by label, script name and description
  stepID: "Starting step ID: {{stepID}}"
  variants:
    primary: Главный
    secondary: Secondary
    light: Светлая
    dark: Темная
    success: Успех
    danger: Опасность
    warning: Предупреждение
calendar:
  source:
    label: Source
  addEventsSource: Добавить events source
  calendarHeader: Calendar header
  feedLabel: Configure events source
  feedPlaceholder: Select an event source
  eventSource: Event source
  hideHeader: Hide calendar header
  hideNavigation: Hide prev/next button
  hideTitle: Hide title text
  hideToday: Hide today button
  label: Calendar
  colorPicker: Выберите цвет
  colorLabel: Event color
  recordFeed:
    eventAllDay: Show as all-day-events
    eventEndFieldLabel: Event end
    eventEndFieldPlaceholder: Event will last 1 hour
    eventStartFieldLabel: Event start
    eventStartFieldPlaceholder: Поле with event start date
    moduleLabel: Модуль
    modulePlaceholder: Выберите модуль
    optionLabel: Записи
    prefilterLabel: Предварительный фильтр events
    prefilterPlaceholder: field1 = 1 AND field2 = 232
    titleLabel: Event title
    titlePlaceholder: Поле used as event title
  reminderFeed:
    optionLabel: Reminders
  today: Сегодня
  view:
    dayGridMonth: Месяц
    default: Default view
    enabled: Enabled views
    footnote: Make sure default is one of the available views
    listMonth: Agenda
    timeGridDay: Day
    timeGridWeek: Неделя
    onEventClick: On event click
    openInSameTab: Open record in the same tab
    openInNewTab: Open record in a new tab
    openInModal: Open record in a modal
  viewLabel: Calendar
chart:
  add: New Диаграмма
  addFunnel: Funnel chart
  addGauge: Gauge chart
  addRadar: Radar chart
  addGeneric: Generic chart
  createFailed: Could not create a chart
  enableLiveFilter: Разрешено изменение фильтра на странице
  columns:
    name: Имя
    handle: Дескриптор
    changedAt: Время изменения
  configure:
    label: Configure chart
    reportLabel: Отчет {{l}}
    reportsLabel: Отчеты
  display: Диаграмма отображаемая в блоке
  drillDown:
    label: Проваливание
    description: If a record list is selected, it will be used to display the drill down data. If no record list is selected, the drill down data will be shown in a modal.
    openInModal: Open in modal
    configureColumns: Choose the default fields
  edit:
    label: Изменить chart
    dimension:
      function:
        date: DATE
        label: Function
        month: MONTH
        none: (no grouping / buckets)
        placeholder: Select dimension modifier (bucket size)
        quarter: QUARTER
        week: WEEK
        year: YEAR
  label: Диаграмма
  pick: Pick a chart
  delete: Удалить
  preview:
    chartId: Диаграмма preview (ID {{0}})
  searchPlaceholder: Тип here to search all charts in this namespace
  openInBuilder: Open in chart builder
  openChartList: Open chart list
  filter:
    modal:
      title: Диаграмма Filter
      originalFilter:
        label: Original filter
      liveFilter:
        label: Live filter
        placeholder: Select a filter
      filterPreview:
        label: Filter Предпросмотр
      options:
        label: Filter options
        and: Join filters with AND
        or: Join filters with OR
        overwrite: Overwrite original filter
content:
  ok: Ok
  label: Content
  urlPlaceholder: https://example.tld
  emojiPicker:
    search: Поиск
    searchResults: Результаты поиска
    frequentlyUsed: Frequently Used
    noResults: No emojis found
    quickReactions: Quick Reactions
file:
  label: Файл
  preview:
    label: Файл block
general:
  descriptionLabel: Описание
  descriptionPlaceholder: Блок description
  headerStyle: Блок header style (color)
  magnifyLabel: Блок Magnification
  customID:
    label: Custom ID
    placeholder: customID
    description: Used to reference the block in Custom CSS (#customID). Must be unique on the page.
    invalid-state: Should be at least 2 characters long. Can contain only letters, numbers, underscores and dashes. Must end with letter or number
  customCSSClass:
    label: Custom CSS Class
    placeholder: custom-class-1   custom-class-2
    description: Used to reference the block in Custom CSS (.custom-class)
    invalid-state: Can contain only letters, numbers, underscores and dashes. Must end with letter or number. Use spaces to separate multiple classes
  visibility:
    label: Visibility
    roles:
      label: Роли
      placeholder: Pick roles that the block will be shown to
    condition:
      label: Condition
      placeholder: When will the block be shown
      description:
        record-page: "You can use {{0}}, {{1}}, {{2}}, {{3}} inside  the expression, for example: {{4}} or {{5}}"
        non-record-page: "You can use {{0}}, {{1}} inside  the expression, for example: {{2}} or {{3}}"
    tooltip:
      performance:
        condition: Using visibility conditions will impact performance
  magnifyOptions:
    disabled: Disabled
    modal: Modal
    fullscreen: Fullscreen
  wrap: Display block as a card
  hidden:
    label: Скрытий
  refresh:
    label: Refresh
    auto: Auto refresh
    show: Show refresh button
    description: Setting value to 5 seconds or more enables auto-refresh
    rate: seconds
  border:
    show: Show border
  label:
    add: Добавить
    back: Назад
    edit: Изменить
    general: Основные
    import: Импорт
    next: Следующая
    none: Отсутствует
    ok: Ok
    permissions: Права доступа
    remove: Remove
    save: Сохранить
    cancel: Отменить
    search: Поиск
    refresh: Refresh block
    magnify: Magnify block
    and: And
  module: Модуль
  style:
    danger: Опасность вариант
    default: Темный вариант
    primary: Основной вариант
    secondary: Secondary вариант
    success: Успех вариант
    warning: Предупреждение вариант
  title: Добавить новый блок
  titleLabel: Заголовок
  titlePlaceholder: Блок title
  tooltip:
    dragAndDrop: Переместите для изменения порядка
    translations: Поле translations
iframe:
  label: IFrame
  pickURLField: Pick an URL field
  srcDesc: Used as a fallback when set in combination with record field.
  srcFieldDesc: Only available on record pages and on modules with existing "url" field kind
  srcFieldLabel: Поле (URL) from record to use for the iframe
  srcLabel: URL to show in the iframe
metric:
  metricDrillDown: Metric drill down
  defaultMetricLabel: Unnamed metric
  drillDown:
    label: Проваливание
    description: If a record list is selected, it will be used to display the drill down data. If no record list is selected, the drill down data will be shown in a modal.
    openInModal: Open in modal
  edit:
    bucketLabel: Bucket size
    bucketPlaceholder: Select a bucket size
    dateFormat: Дата format
    dimensionFieldLabel: Поле
    dimensionFieldPlaceholder: Dimension field
    dimensionLabel: Dimension
    filterLabel: Filter
    filterFootnote: Simplified SQL condition (WHERE ...) syntax is supported. Variables like {{0}}, {{1}}, {{2}} and {{3}} are evaluated (when available)
    transformFootnote: Variables like {{0}}, {{1}}, {{2}} and {{3}} are evaluated (when available). Make sure to wrap the variables with quotes ("")
    labelLabel: Метка
    labelPlaceholder: Метка
    metricFieldLabel: Поле
    metricFieldPlaceholder: Dimension field
    metricLabel: Метрика
    metricFieldSelect: Выберите поле
    metricSelectAggregate: Select aggregation operation
    expressionFieldLabel: Формула для вычисления
    expressionPlaceholder: count(id) / A
    metricAggregateLabel: Операция для агрегации
    moduleLabel: Модуль
    modulePlaceholder: Выберите модуль
    numberFormat: Формат числа
    operationAvg: Среднее
    operationUniqueCount: Количество уникальных
    operationLabel: Операция для агрегации
    operationMax: Максимум
    operationMin: Минимум
    operationPlaceholder: Операция для агрегации
    operationStd: Std
    operationSum: Сумма
    prefixLabel: Префикс
    refreshData: Обновить данные
    suffixLabel: Суффикс
    tabTitle: Метрика
    transformFunctionDescription: v - текущее значение; label - current value's label
    transformFunctionLabel: Преобразовать значение
  editStyle:
    backgroundColor: Цвет фона
    color: Цвет текста
    colorPicker: Выберите цвет
    fontSize: Font size in pixels
    labelLabel: Стиль метки
    valueLabel: Стиль занчения
  label: Метрика
record:
  referenceRecordField: Reference record
  referenceRecordFieldPlaceholder: Select reference record field
  referenceRecordFieldDescription: Used to show record details of reference record. Multi value record selector fields are not available
  confirmDelete: Are you sure you want to delete this record?
  deleteFailed: Could not delete record
  deleteRecord: Удалить record
  invalidOwnerVar: Can not use ${ownerID} variable in non-record pages
  invalidRecordVar: Can not use ${record...} variable in non-record pages
  label: Record
  listLoadFailed: Не удалось загрузить список записей
  moduleOrPageNotSet: "RecordList block error: module or page option not set"
  moduleMismatch: Module incompatible, module mismatch
  horizontalFormLayout: Горизонтальное form layout
  inlineEdit:
    enabled: Inline value editing enabled
    allowAddField: Allow adding fields to inline edit
    button:
      title: Изменить value
    modal:
      title: Update record values
  fieldsLayoutMode:
    label: Поля layout mode
    default: Default
    noWrap: No wrap
    wrap: Wrap
  preview:
    blockNoRecord: Cannot render this block without a record
    fieldsFromModule: Single record block, displaying fields ({{0}}) from module {{1}}
    untitled: Untitled
  recordDeleted: Эта запись удалена
  recordSelectorDisplayOptions: When clicking on record field value
  openInSameTab: Open record in the same tab
  openInNewTab: Open record in a new tab
  openInModal: Open record in a modal
  fieldConditions:
    label: Conditional fields
    action: + Добавить
    placeholder: When should this field be displayed?
    selectPlaceholder: Выберите поле
    field: Поле
    condition: Condition
    clearOnHide: Clear On Hide
    clearOnHideTooltip: Automatically clear this field's value when it becomes hidden
    clearAllOnHide: Clear all conditional fields when hidden
    clearAllOnHideDescription: When enabled, all conditional fields will be cleared when they become hidden, overriding individual field settings
    tooltip:
      performance: Using conditional fields will impact performance
  recordSelectorCanAddRecord: Can add records via record selector
  recordSelectorAddRecordDisplayOption: When adding a record via record selector
recordList:
  noModule: No module selected
  addRecord: Добавить
  cancelSelection: Отменить
  customFilter: Custom filter
  prefilter:
    toggleInputType: Toggle input type
  filterByValue: Filter by value
  filterPresets:
    filterName: Имя фильтра
    saveFilterAsPreset: Сохранить filter as preset
  inlineValueFilter:
    enabled: Enable inline value filtering
  inlineEdit:
    enabled: Inline value editing enabled
    allowAddField: Allow adding fields to inline edit
    fields:
      configure:
        tooltip: Configure the fields for inline editing
    button:
      title: Изменить value
    modal:
      title: Update record values
  bulkRecord:
    title: Update selected records
    field:
      add: Добавить a field to update
      addAnother: Добавить another field to update
      remove: Remove field
    reset: Reset
  drillDown:
    filter:
      label: Проваливание filter
  tooltip:
    saveChanges: Сохранить changes
    discardChanges: Discard changes
    deleteSelected: Удалить selected records
    performance:
      impact: Using this feature will impact performance
      moduleFields: Selecting a large number of fields or displaying record/user fields will impact performance
      perPage: Displaying a large amount of records per page will impact performance, especially if you are displaying record/user fields
    restoreSelected: Restore selected records
  editFields: Editable module fields
  export:
    all: Экспорт all records
    allow: Users will be able to export records
    csv: CSV Экспорт
    dateRange: Select date range
    multiValueDelimiter:
      label: Multi value delimiter

      semicolon:
        label: value 1;value 2;...;value n
      comma:
        label: value 1,value 2,...,value n
      pipe:
        label: value 1|value 2|...|value n
      semicolonArray:
        label: "[value 1;value 2;...;value n]"
      commaArray:
        label: "[value 1,value 2,...,value n]"
      pipeArray:
        label: "[value 1|value 2|...|value n]"
    query:
      label: Search query
      placeholder: Поиск...
    filter:
      label: Record filter
      placeholder: field1 = 1 AND field2 = 232
      footnote: Simplified SQL condition (WHERE ...) syntax is supported. Variables like {{0}}, {{1}}, {{2}} and {{3}} are evaluated (when available)
      createdAt: Record created
      custom: Custom
      lastMonth: Последний месяц
      lastWeek: Последняя неделя
      thisMonth: Этот месяц
      thisWeek: Эта неделя
      today: Сегодня
      from: From
      to: To
      updatedAt: Запись обновлена
    inRange: Диапазон
    includeQuery: Filter by search query
    json: JSON Экспорт
    limitations: "CSV export limitation: only the first value in the multi value fields will be exported"
    rangeBy: Set range by
    recordCount: "{{count}} строк ready for export"
    selectFields: "Select fields you want to export:"
    selection: Выбранные записи
    specifyTimezone: Экспорт to timezone
    timezonePlaceholder: Select timezone
    resolveRefs: Include record selector values
    resolveRefsNote: When include record selector values is checked, all record fields include the record label next to the identifier.
    datePresetUndefined: Unknown date preset
  federated: Federated
  fields: Поля модуля
  filter:
    addField: Добавить новый фильтр для поля
    byValue: Filter records based on field value
    addFilterToPreset: Сохранить как preset
    nil: "NULL"
    conditions:
      and: AND
      or: OR
    operatorLabels:
      is: is
      equal: is equal
      notEqual: is not equal
      in: contains
      notIn: does not contain
      greaterThan: is greater than
      lessThan: is less than
      like: is like
      notLike: not like
      between: is between
      notBetween: is not between
    deletedRecords: Удаленные записи
    field: Filter field
    fieldPlaceholder: Pick a field
    fieldValue: Поле value
    fieldValuePlaceholder: Input field filter
    including: Including
    label: Filter
    note: "Note: If Поле value is undefined, the filter will look for records where that field value is undefined."
    only: Only
    operators:
      like: Like
      notLike: Not Like
      contains: Содержит
      notContains: Не содержит
      equal: Равно
      greaterThan: Больше чем
      lessThan: Меньше чем
      notEqual: Не равно
      between: В диапазоне
      notBetween: Вне диапазона
    title: Список записей filter
    update: Update filter
    where: Where
    without: Without
    presets: Filter presets
    reset: Reset Filter
    filters:
      label: Фильтры
      active: "Включенные фильтры:"
    name:
      label: Имя
      placeholder: Имя фильтра
    role:
      label: Роль (-и)
      placeholder: Выбрать роли that will be able to use preset
  hideRecordCloneButton: Скрывать кнопку копирования записи
  hideRecordEditButton: Скрывать кнопку редактирования записи
  hideRecordPermissionsButton: Скрывать кнопку прав доступа записи
  hideRecordReminderButton: Скрывать кнопку напоминаний для записи
  hideRecordViewButton: Скрывать кнопку просмотра записи
  hideRecordDeleteButton: Скрывать кнопку удаления записи
  hideConfigureFieldsButton: Users will be able to configure which fields to display
  enableRecordPageNavigation: Users will be able to navigate to previous/next record
  import:
    dropzoneFileAdded: "{{name}} загружено и готово к импорту ({{count}} строк)"
    dropzoneFileAdded_plural: "{{name}} загружено и готово к импорту ({{count}} строк)"
    dropzoneLabel: Кликните кнопку или перенесите файл (.csv or JSON)
    failed: "Something went wrong during the import. Please try again: {{failReason}}"
    fileColumns: Колонки файлов
    hasRequiredFileFields: "This module has required file upload fields"
    matchFields: "Match imported columns with existing ones"
    moduleFields: Поля модуля
    onError: If any record fails to import
    onErrorFail: Отменить импорт
    onErrorSkip: Skip record
    pickModuleField: Выберите модуль field
    importing: Importing records
    success: Импорт прошел успешно
    to: Импорт в {{modulename}}
    uploadFile: Загрузите файл для импорта (.csv или .json файл)
    idFieldDescription: Records with matching ID's will be updated.
    multiValueDelimiter:
      label: Multi value delimiter

      semicolon:
        label: value 1;value 2;...;value n
      comma:
        label: value 1,value 2,...,value n
      pipe:
        label: value 1|value 2|...|value n
      semicolonArray:
        label: "[value 1;value 2;...;value n]"
      commaArray:
        label: "[value 1,value 2,...,value n]"
      pipeArray:
        label: "[value 1|value 2|...|value n]"
    report:
      count: Количество строк
      detectedErrors: Обнаруженные ошибки
      error: Ошибка
      failedEntries: Failed source entries
      failedEntriesLine: Entry
      failedEntriesLines: Entries from to (inclusive)
      failedRecords: Строк с ошибками
      finishedAt: Finished At
      importedRecords: Импортировано строк
      startedAt: Started At
      title: Record import error report
      totalRecords: Всего строк
  label: Список записей
  modulePlaceholder: Выберите модуль
  moduleFootnote: Модули without a {{0}} can only be used in a record list as an inline editor
  moduleFieldsFootnote: If no fields are selected, the default fields will be shown
  noRecords: There are no records matching your request
  pagination:
    next: Следующая
    prev: Предыдущая
    showing: "{{from}} - {{to}} из {{count}} строк"
    single_one: One record
    single: Единственная страница
    single_other: "{{count}} строк"
    recordsPerPage: На страницу
    selectLabel: Select an option
  positionField:
    footnote: Records will be sorted based on this field
    placeholder: Поле that will hold the record position
    label: Record sort field
  preview:
    addRecordButton: Добавить record button
    bePaged: "{{0}} be paged."
    isDisabled: "{{0}} выключено."
    isEnabled: "{{0}} включено."
    isHidden: "{{0}} скрыто."
    isShown: "{{0}} показано"
    moduleNotSelected: Блок with table of records, module not selected.
    recordFromModule: "Showing records from {{0}} module with columns: {{1}}"
    recordsPerPage: "{{0}} строк are shown per page."
    resultsCan: Results can
    resultsCant: Results can not
    resultsPrefiltered: "Results are prefiltered:"
    searchInput: Search inputbox
    sorting: Сортировка
    tableHeader: Заголовок таблицы
    usersSearchThrough: Users search through the records
    usersSee: Users see {{0}}
    withPresortedRecords: with presorted ({{0}}) record
  record:
    draggable: Можете перемещать поля для определения их порядка
    editMode: Open records in edit mode by default
    fullPageNavigation: Full page navigation
    hideAddButton: Users will be able to add new records
    hideImportButton: Users will be able to import records
    pagingLabel: Paging
    pagingOptions: Paging Options
    moreOptions: More Options
    hidePaging: User will be able to navigate through pages
    inlineEditor: Inline Options
    inlineEditorAllow: Inline record editor
    recordsLabel: Записи
    noPermission: No permission to read record
    perPage: Строк на странице
    prefilterFootnote: Simplified SQL condition (WHERE ...) syntax is supported. Variables like {{0}}, {{1}}, {{2}} and {{3}} are evaluated (when available)
    prefilterHideSearch: Users will be able to search the record list
    filterHide: Users will be able to filter the list
    prefilterLabel: Filtering
    generalLabel: Основные настройки
    prefilterCommand: Предварительный фильтр
    prefilterPlaceholder: field1 = 1 AND field2 = 232
    presortFootnote: Simplified SQL condition (ORDER BY ...) syntax is supported
    presortToggleInput: Toggle input type
    presortHideSort: Users will be able to sort the list
    presortLabel: Сортировка
    presortInputLabel: Presort
    presortPlaceholder: field1 DESC, field2 ASC
    showTotalCount: Show total record count
    showRecordPerPageOption: User will be able to select records per page
    showDeletedRecordsOption: Show option to see deleted records
    setCustomFilterPresets: User will be able to set custom filter presets
    searchableFields: Searchable fields
    searchableFieldsFootnote: If no fields are selected, the search will be performed on all available visible fields
    configureSearchableFields: Select fields that will be used for search
    openInSameTab: Open record in the same tab
    openInNewTab: Open record in a new tab
    openInModal: Open record in a modal
    doNothing: Do nothing
    createInSameTab: Create record in the same tab
    createInNewTab: Create record in a new tab
    createInModal: Create record in a modal
    enableBulkRecordEdit: Enable bulk record edit
    buttons: Кнопки записи
    tooltip:
      clone: Clone
      edit: Изменить
      delete: Удалить
      restore: Restore
      reminder: Reminder
      view: Просмотр
      permissions: Права доступа
    recordDisplayOptions: On record click
    recordSelectorDisplayOptions: On record value click
    addRecordOptions: On add record click
    textStyles: Text Styles
    configureWrappedFields: Select fields that will be wrapped
  recordPage: record page
  refField:
    footnote: Поле that links records with the parent record
    label: Parent field
  selectable: Users will be able to select records
  selected: "{{count}} из {{total}} строк selected"
  selectedFromAllPages: "Все {{count}} строк from all pages selected"
  selectAllRecords: Выбрать все records on all pages
  unselectAllRecords: Сбросить выбор
  sort:
    tooltip: Сортировать по колонке
  showRecords:
    deleted: Показать удаленные записи
    existing: Показать текущие записи
  summaries:
    label: Summaries
    customSummaries:
      label: Custom Summaries
      description: Users will be able to set custom summaries
      add:
        label: Добавить
        tooltip: Добавить a custom summary
    param:
      label:
        label: Метка
        placeholder: Summary Метка
      field:
        label: Поле
        placeholder: Поле модуля
      metric:
        label: Метрика
        placeholder: Summary Metric
      role:
        label: Роль
        placeholder: Roles that will be able to see the summary
    metrics:
      sum:
        label: Сумма
      min:
        label: Минимум
      max:
        label: Максимум
      avg:
        label: Среднее
      emptyCount:
        label: Количество пустых
      notEmptyCount:
        label: Количество не пустых
      uniqueCount:
        label: Количество уникальных
recordOrganizer:
  onRecordClick: Режим просмотра записей
  openInSameTab: Открыть на текущей закладке
  openInNewTab: Открыть на новой закладке
  openInModal: Открыть в модальном окне
  module:
    placeholder: Выберите модуль
  descriptionField:
    footnote: Значение поля использовать как описание записи
    label: Описание поля
  group:
    footnote: Значение that will be set to the key field. The records will be filtered based on this value, if it's defined.
    label: Значение ключа
  groupField:
    footnote: Поле whose value will change when a record is moved into the record organizer
    label: Key field
  label: Организация записей
  labelField:
    footnote: Поле value will be used as record label
    label: Метка полей
  noRecords: No records in module linked with record organizer. Drag and drop records here.
  notConfigured: Организация записей is not configured correctly
  positionField:
    footnote: Records will be sorted based on this field. That field value will be updated based on the position of the record.
    placeholder: Поле that will hold the record position
    label: Record sort field
  preview:
    label: "Record Organizer block for module {{0}}. Метка полей {{1}}, Описание поля {{2}}. Значение setting field: {{3}}, Sorted by position field: {{4}}."
    moduleNotSelected: Record Organizer module not selected
  addNewRecord: + Добавить

recordRevisions:
  label: Ревизии записи

  viewer:
    errors:
      no-record: No record found to display revisions for
      no-revisions: No record revisions found
      disabled-on-module: Ревизии записи are disabled on this module

    show-revisions: Show record revisions ({{ revision }})
    show-changes: "{{ count }} change(s)"

    operations:
      created: Создано
      updated: Обновлено
      soft-deleted: Мягкое удаление
      undeleted: Восстановлено
      hard-deleted: Полное удаление

    revisions:
      columns:
        timestamp:
          label: Timestamp
        operation:
          label: Operation
        user:
          label: Пользователь
    changes:
      columns:
        field:
          label: Поле
        old-value:
          label: Старое значение
        new-value:
          label: Новое значение

  configurator:
    label: Ревизии записи
    preload: Preload record revisions
    sortDirection:
      label: Направление сортировки
      footnote: Sort revisions by when they were created
      desc: Сначала новые
      asc: Сначала старые
    errors:
      invalid-module-id: Поле does not contain a valid module ID.
    fields:
      label: Поля to display in record revisions changes

socialFeed:
  label: Twitter feed
  noInput: No input for displaying social feed...
  preview:
    socialFeed: Twitter feed
  twitterProfileField: Поле that contains Twitter Профиль URL for a record
  twitterProfileLabel: Twitter Профиль URL for list pages i.e (https://twitter.com/bloomberg)
selectBlockFootnote: Some types might be disabled for non-record pages
field:
  noPermission: No permission to read field value
  selector:
    available: Доступные поля
    systemField: (системное поле)
comment:
  label: Comments
  module:
    placeholder: Выберите модуль
  titleField:
    label: Заголовок поля
    footnote: Поле value will be used as record title
  contentField:
    label: Содержание поля *
    footnote: Поле value will be used as record content
  replyField:
    label: Reply field
    footnote: Поле value will be used as record reply
  title:
    placeholder: Заголовок
  content:
    placeholder: Write your message here...
  submit: Подтвердить
  noComments: No comments yet
  load:
    older: Загрузить старые комментарии
    newer: Загрузить последние комментарии
  sortDirection:
    label: Направление сортировки
    footnote: Sort comments by when they were created
    asc: Сначала новые
    desc: Сначала старые
  referenceField:
    label: Reference field
    footnote: Поле that links comments with the parent record
  attachmentField:
    label: Attachment field
    footnote: Поле used to store comment attachments
  reactionsField:
    label: Reactions field
    footnote: Поле used to store comment reactions
  today: Сегодня
  yesterday: Вчера
  tooltip:
    reply: Reply
    edit: Изменить
    attach: Attach file
  emojiPicker:
    search: Поиск
    searchResults: Результаты поиска
    frequentlyUsed: Frequently Used
    noResults: No emojis found
    quickReactions: Quick Reactions
navigation:
  chart: Диаграммы
  colorPicker: Выберите цвет
  noNavigationItems: No navigation item configured
  label: Navigation
  displayOptions: Параметры отображения
  appearance: Appearance
  alignment: Alignment
  justify: Justify
  fieldLabel: Метка
  enabled: Enabled
  openIn: Открыть в
  navigationItems: Navigation items
  type: Тип
  disabled: Disabled
  color: Цвет
  background: Фон
  url: URL
  drop: Dropdown position
  add: Добавить navigation item
  addDropdown: Добавить dropdown item
  composePage: Compose page
  pageLayout: Page Layout
  defaultLayout: Default Layout
  unnamedLayout: Unnamed Layout
  tabs: Закладки
  pills: Pills
  small: Small
  center: Center
  left: Left
  right: Right
  bottom: Bottom
  top: Top
  primary: Главное
  secondary: Вспомогательный
  success: Успех
  warning: Предупреждение
  danger: Опасность
  info: Информация
  text: Текст
  dropdown: Dropdown
  multi: Многострочный
  sameTab: Same tab
  selectOpenInType: Select open in type
  newTab: New tab
  dropdownItems: Dropdown items
  delimiter: Разделитель
  none: Отсутствует
  displaySubPages: Display sub-pages
  selectBackground: Select background
  preview:
    preview: Предпросмотр
    label: Метка
    home: Home
    dropdown: dropdown
    about: about
report:
  label: Отчет
  scenario:
    label: Scenario
  element:
    label: Display element

progress:
  add: + Добавить
  count: Количество
  aggregate:
    label: Операция для агрегации
    select: Select aggregation operation
  animated: Анимированное
  default-variant: Вариант по-умолчанию
  display-options: Параметры отображения
  fetch-failed: Failed to fetch progress bar report
  field:
    label: Поле
    select: Выберите поле
  label: Progress bar
  module:
    select: Select module
    label: Модуль
  preview: Предпросмотр
  show:
    value: Показать значение
    relative: Показать связанное
    progress: Показать прогресс
  tab:
    label: Progress
  thresholds: Thresholds
  threshold:
    label: Threshold
    variant: Set which variant to show if value is equal or larger than the threshold
  value:
    label: Значение
    min: Минимальное значение
    max: Максимальное значение
    default:
      label: Значение по-умолчанию
      description: This value will be used if metric is not configured
  variant:
    default: Темная
    danger: Опасность
    dark: Темная
    info: Информация
    light: Светлая
    primary: Главный
    secondary: Вспомогательный
    success: Успех
    warning: Предупреждение

geometry:
  label: Map
  viewLabel: Map
  feedLabel: Configure Sources
  source:
    label: Source
  addSource: Добавить источник
  lock: Lock
  mapHelpText: Move and scroll the map to the position that will be used as a default. You can also lock the position or zoom to prevent users from moving too far.
  onMarkerClick: On marker click
  openInSameTab: Открыть на текущей закладке
  openInNewTab: Открыть на новой закладке
  openInModal: Открыть в модальном окне
  hideGeoSearch: Hide location search
  recordFeed:
    colorPicker: Выберите цвет
    moduleLabel: Модуль*
    modulePlaceholder: (No module)
    optionLabel: Records
    prefilterLabel: Предварительный фильтр sources
    colorLabel: Marker color
    geometryFieldLabel: Геопозиция field*
    titleLabel: Заголовок
    titlePlaceholder: Заголовок
    geometryFieldPlaceholder: Геопозиция field
    displayMarker: Display marker
    displayPolygon: Display polygon
  centerLabel: Center
  zoom:
    zoomLabel: Zoom
    zoomMinLabel: Zoom min
    zoomMaxLabel: Zoom max
    zoomStartingLabel: Zoom Starting
  bounds:
    boundsLabel: Bounds
    lockBounds: Lock bounds
    topLeft: Bounds top left
    lowerRight: Bounds lower right
  tooltip:
    goToCurrentLocation: Go to current location

tabs:
  label: Закладки
  alertTitle: Указать заголовок для блока
  title: Закладки
  tab: Tab
  selectBlock: Выберите блок
  noTabs: Закладки не настроены
  noBlock: Блоки не настроены
  displayTitle: Параметры отображения
  preview: Предпросмотр
  newBlockModal: Добавить новый блок
  placeholder:
    block: Указать блок для закладки
  style:
    appearance:
      label: Appearance
      tabs: Закладки
      pills: Pills
      small: Small
    alignment:
      label: Alignment
      left: Left
      center: Center
      right: Right
    justify:
      label: Justify
      justify: Justify
      none: Отсутствует
    orientation:
      label: Расположение
      vertical: Вертикальное
      horizontal: Горизонтальное
    position:
      label: Position
      start: Start
      end: End
  table:
    columns:
      title:
        label: Заголовок
      block:
        label: Блок
      lazy:
        label: Фоновая загрузка
        tooltip: When enabled, the tab content will only be rendered when the tab is first activated
  tooltip:
    edit: Изменить блок
    clone: Клонировать блок и закладку
    copy: Копировать блок
    delete: Удалить закладку
    editDisabled: Editing tabbed blocks is disabled until you save this block
    addBlock: Добавить новый блок

noConfiguration: Блок not configured correctly
interpolationFootnote: Variables like {{0}}, {{1}}, {{2}} and {{3}} are evaluated (when available)
